
Microsoft Visual Studio Solution File, Format Version 12.00
# Visual Studio Version 17
VisualStudioVersion = 17.12.35707.178
MinimumVisualStudioVersion = 10.0.40219.1
Project("{FAE04EC0-301F-11D3-BF4B-00C04F79EFBC}") = "PlayNirvana.Web", "PlayNirvana.Web\PlayNirvana.Web.csproj", "{FD8AB9A9-A7B5-4795-A168-8259614A226C}"
EndProject
Project("{FAE04EC0-301F-11D3-BF4B-00C04F79EFBC}") = "PlayNirvana.RoundModule", "PlayNirvana.RoundModule\PlayNirvana.RoundModule.csproj", "{51CA1D67-D458-48BC-8361-291FF6B665F3}"
EndProject
Project("{FAE04EC0-301F-11D3-BF4B-00C04F79EFBC}") = "PlayNirvana.CommonModule", "PlayNirvana.CommonModule\PlayNirvana.CommonModule.csproj", "{19F9445A-6E22-4AA4-9549-5764D295428B}"
EndProject
Project("{FAE04EC0-301F-11D3-BF4B-00C04F79EFBC}") = "PlayNirvana.TicketModule", "PlayNirvana.TicketModule\PlayNirvana.TicketModule.csproj", "{F161720C-693A-41D8-B02E-C4E587C79DB3}"
EndProject
Global
	GlobalSection(SolutionConfigurationPlatforms) = preSolution
		Debug|Any CPU = Debug|Any CPU
		Release|Any CPU = Release|Any CPU
	EndGlobalSection
	GlobalSection(ProjectConfigurationPlatforms) = postSolution
		{FD8AB9A9-A7B5-4795-A168-8259614A226C}.Debug|Any CPU.ActiveCfg = Debug|Any CPU
		{FD8AB9A9-A7B5-4795-A168-8259614A226C}.Debug|Any CPU.Build.0 = Debug|Any CPU
		{FD8AB9A9-A7B5-4795-A168-8259614A226C}.Release|Any CPU.ActiveCfg = Release|Any CPU
		{FD8AB9A9-A7B5-4795-A168-8259614A226C}.Release|Any CPU.Build.0 = Release|Any CPU
		{51CA1D67-D458-48BC-8361-291FF6B665F3}.Debug|Any CPU.ActiveCfg = Debug|Any CPU
		{51CA1D67-D458-48BC-8361-291FF6B665F3}.Debug|Any CPU.Build.0 = Debug|Any CPU
		{51CA1D67-D458-48BC-8361-291FF6B665F3}.Release|Any CPU.ActiveCfg = Release|Any CPU
		{51CA1D67-D458-48BC-8361-291FF6B665F3}.Release|Any CPU.Build.0 = Release|Any CPU
		{19F9445A-6E22-4AA4-9549-5764D295428B}.Debug|Any CPU.ActiveCfg = Debug|Any CPU
		{19F9445A-6E22-4AA4-9549-5764D295428B}.Debug|Any CPU.Build.0 = Debug|Any CPU
		{19F9445A-6E22-4AA4-9549-5764D295428B}.Release|Any CPU.ActiveCfg = Release|Any CPU
		{19F9445A-6E22-4AA4-9549-5764D295428B}.Release|Any CPU.Build.0 = Release|Any CPU
		{F161720C-693A-41D8-B02E-C4E587C79DB3}.Debug|Any CPU.ActiveCfg = Debug|Any CPU
		{F161720C-693A-41D8-B02E-C4E587C79DB3}.Debug|Any CPU.Build.0 = Debug|Any CPU
		{F161720C-693A-41D8-B02E-C4E587C79DB3}.Release|Any CPU.ActiveCfg = Release|Any CPU
		{F161720C-693A-41D8-B02E-C4E587C79DB3}.Release|Any CPU.Build.0 = Release|Any CPU
	EndGlobalSection
	GlobalSection(SolutionProperties) = preSolution
		HideSolutionNode = FALSE
	EndGlobalSection
EndGlobal
